// !$*UTF8*$!
{
	archiveVersion = 1;
	classes = {
	};
	objectVersion = 51;
	objects = {

/* Begin PBXBuildFile section */
		0907DA92243D74E000845D96 /* dashboardViewController.swift in Sources */ = {isa = PBXBuildFile; fileRef = 0907DA91243D74E000845D96 /* dashboardViewController.swift */; };
		09422EAD23C547EC00318C03 /* AppDelegate.swift in Sources */ = {isa = PBXBuildFile; fileRef = 09422EAC23C547EC00318C03 /* AppDelegate.swift */; };
		09422EAF23C547EC00318C03 /* SceneDelegate.swift in Sources */ = {isa = PBXBuildFile; fileRef = 09422EAE23C547EC00318C03 /* SceneDelegate.swift */; };
		09422EB123C547EC00318C03 /* ViewController.swift in Sources */ = {isa = PBXBuildFile; fileRef = 09422EB023C547EC00318C03 /* ViewController.swift */; };
		095813BD2446D1F10024DD5C /* addPatientViewController.swift in Sources */ = {isa = PBXBuildFile; fileRef = 095813BC2446D1F10024DD5C /* addPatientViewController.swift */; };
		09C5111C24D3796400619BDD /* TableViewCell.swift in Sources */ = {isa = PBXBuildFile; fileRef = 09C5111B24D3796400619BDD /* TableViewCell.swift */; };
		E4137118246BBE0500E3A2AF /* CatList.swift in Sources */ = {isa = PBXBuildFile; fileRef = E4137117246BBE0500E3A2AF /* CatList.swift */; };
		E413711A246BBE8F00E3A2AF /* NetworkManager.swift in Sources */ = {isa = PBXBuildFile; fileRef = E4137119246BBE8F00E3A2AF /* NetworkManager.swift */; };
		E413711C246BC07800E3A2AF /* ContentView.swift in Sources */ = {isa = PBXBuildFile; fileRef = E413711B246BC07800E3A2AF /* ContentView.swift */; };
		E413711E246BC10B00E3A2AF /* CatDetails.swift in Sources */ = {isa = PBXBuildFile; fileRef = E413711D246BC10B00E3A2AF /* CatDetails.swift */; };
		E4294A50246DAFBF00AC46AE /* icons8-kitty-50.png in Resources */ = {isa = PBXBuildFile; fileRef = E4294A4F246DAFBF00AC46AE /* icons8-kitty-50.png */; };
		E44AEA5324BC0D90009ED232 /* EventViewModel.swift in Sources */ = {isa = PBXBuildFile; fileRef = E44AEA5224BC0D90009ED232 /* EventViewModel.swift */; };
		E44AEA5524BC0E5C009ED232 /* Event.swift in Sources */ = {isa = PBXBuildFile; fileRef = E44AEA5424BC0E5C009ED232 /* Event.swift */; };
		E44D5E9F246A0BA800807EE5 /* Base.lproj in Resources */ = {isa = PBXBuildFile; fileRef = E44D5E98246A0BA700807EE5 /* Base.lproj */; };
		E44D5EA0246A0BA800807EE5 /* Cat.swift in Sources */ = {isa = PBXBuildFile; fileRef = E44D5E99246A0BA700807EE5 /* Cat.swift */; };
		E44D5EA2246A0BA800807EE5 /* Assets.xcassets in Resources */ = {isa = PBXBuildFile; fileRef = E44D5E9B246A0BA700807EE5 /* Assets.xcassets */; };
		E4C1AD48246BC2F60024AE69 /* CatRow.swift in Sources */ = {isa = PBXBuildFile; fileRef = E4C1AD47246BC2F60024AE69 /* CatRow.swift */; };
		E4C1AD4A246C4CC50024AE69 /* URLImage.framework in Frameworks */ = {isa = PBXBuildFile; fileRef = E4C1AD49246C4CC50024AE69 /* URLImage.framework */; };
		E4C1AD4C246C4CD10024AE69 /* Alamofire.framework in Frameworks */ = {isa = PBXBuildFile; fileRef = E4C1AD4B246C4CD10024AE69 /* Alamofire.framework */; };
		E4C1AD4E246C50820024AE69 /* ServiceProtocol.swift in Sources */ = {isa = PBXBuildFile; fileRef = E4C1AD4D246C50820024AE69 /* ServiceProtocol.swift */; };
		E4C1AD50246C512F0024AE69 /* CatViewModel.swift in Sources */ = {isa = PBXBuildFile; fileRef = E4C1AD4F246C512F0024AE69 /* CatViewModel.swift */; };
		E4C1AD56246D0D900024AE69 /* ListViewController.swift in Sources */ = {isa = PBXBuildFile; fileRef = E4C1AD55246D0D900024AE69 /* ListViewController.swift */; };
		E4C9FB672526FDE4004DEB39 /* Main.storyboard in Resources */ = {isa = PBXBuildFile; fileRef = 09422EB223C547EC00318C03 /* Main.storyboard */; };
		E4CD536C248D6CB5005090B4 /* User.swift in Sources */ = {isa = PBXBuildFile; fileRef = E4CD536B248D6CB5005090B4 /* User.swift */; };
		E4CD536E248D6CDA005090B4 /* LoginViewController.swift in Sources */ = {isa = PBXBuildFile; fileRef = E4CD536D248D6CDA005090B4 /* LoginViewController.swift */; };
		E4CD5370248DE5F1005090B4 /* Helper.swift in Sources */ = {isa = PBXBuildFile; fileRef = E4CD536F248DE5F1005090B4 /* Helper.swift */; };
		E4CD5372248DE60A005090B4 /* Constants.swift in Sources */ = {isa = PBXBuildFile; fileRef = E4CD5371248DE60A005090B4 /* Constants.swift */; };
		F4625F6D75E9EE80169CC2B6 /* Pods_transitions_mental_health_assoc.framework in Frameworks */ = {isa = PBXBuildFile; fileRef = 7E7CBC2DD793B98075CD8FDB /* Pods_transitions_mental_health_assoc.framework */; };
/* End PBXBuildFile section */

/* Begin PBXFileReference section */
		0907DA91243D74E000845D96 /* dashboardViewController.swift */ = {isa = PBXFileReference; lastKnownFileType = sourcecode.swift; path = dashboardViewController.swift; sourceTree = "<group>"; };
		09422EA923C547EC00318C03 /* CPCP.app */ = {isa = PBXFileReference; explicitFileType = wrapper.application; includeInIndex = 0; path = CPCP.app; sourceTree = BUILT_PRODUCTS_DIR; };
		09422EAC23C547EC00318C03 /* AppDelegate.swift */ = {isa = PBXFileReference; lastKnownFileType = sourcecode.swift; path = AppDelegate.swift; sourceTree = "<group>"; };
		09422EAE23C547EC00318C03 /* SceneDelegate.swift */ = {isa = PBXFileReference; lastKnownFileType = sourcecode.swift; path = SceneDelegate.swift; sourceTree = "<group>"; };
		09422EB023C547EC00318C03 /* ViewController.swift */ = {isa = PBXFileReference; lastKnownFileType = sourcecode.swift; path = ViewController.swift; sourceTree = "<group>"; };
		09422EB323C547EC00318C03 /* Base */ = {isa = PBXFileReference; lastKnownFileType = file.storyboard; name = Base; path = Base.lproj/Main.storyboard; sourceTree = "<group>"; };
		09422EB823C547EF00318C03 /* Base */ = {isa = PBXFileReference; lastKnownFileType = file.storyboard; name = Base; path = Base.lproj/LaunchScreen.storyboard; sourceTree = "<group>"; };
		09422EBA23C547EF00318C03 /* Info.plist */ = {isa = PBXFileReference; lastKnownFileType = text.plist.xml; path = Info.plist; sourceTree = "<group>"; };
		095813BC2446D1F10024DD5C /* addPatientViewController.swift */ = {isa = PBXFileReference; lastKnownFileType = sourcecode.swift; path = addPatientViewController.swift; sourceTree = "<group>"; };
		09C5111B24D3796400619BDD /* TableViewCell.swift */ = {isa = PBXFileReference; lastKnownFileType = sourcecode.swift; path = TableViewCell.swift; sourceTree = "<group>"; };
		519CF78D93E47395CE52865D /* Pods-transitions mental health assoc.release.xcconfig */ = {isa = PBXFileReference; includeInIndex = 1; lastKnownFileType = text.xcconfig; name = "Pods-transitions mental health assoc.release.xcconfig"; path = "Target Support Files/Pods-transitions mental health assoc/Pods-transitions mental health assoc.release.xcconfig"; sourceTree = "<group>"; };
		7E7CBC2DD793B98075CD8FDB /* Pods_transitions_mental_health_assoc.framework */ = {isa = PBXFileReference; explicitFileType = wrapper.framework; includeInIndex = 0; path = Pods_transitions_mental_health_assoc.framework; sourceTree = BUILT_PRODUCTS_DIR; };
		E20AC55CC30DDB45247FCBE8 /* Pods-transitions mental health assoc.debug.xcconfig */ = {isa = PBXFileReference; includeInIndex = 1; lastKnownFileType = text.xcconfig; name = "Pods-transitions mental health assoc.debug.xcconfig"; path = "Target Support Files/Pods-transitions mental health assoc/Pods-transitions mental health assoc.debug.xcconfig"; sourceTree = "<group>"; };
		E4137117246BBE0500E3A2AF /* CatList.swift */ = {isa = PBXFileReference; lastKnownFileType = sourcecode.swift; path = CatList.swift; sourceTree = "<group>"; };
		E4137119246BBE8F00E3A2AF /* NetworkManager.swift */ = {isa = PBXFileReference; lastKnownFileType = sourcecode.swift; path = NetworkManager.swift; sourceTree = "<group>"; };
		E413711B246BC07800E3A2AF /* ContentView.swift */ = {isa = PBXFileReference; lastKnownFileType = sourcecode.swift; path = ContentView.swift; sourceTree = "<group>"; };
		E413711D246BC10B00E3A2AF /* CatDetails.swift */ = {isa = PBXFileReference; lastKnownFileType = sourcecode.swift; path = CatDetails.swift; sourceTree = "<group>"; };
		E4294A4F246DAFBF00AC46AE /* icons8-kitty-50.png */ = {isa = PBXFileReference; lastKnownFileType = image.png; name = "icons8-kitty-50.png"; path = "Assets.xcassets/Image.imageset/icons8-kitty-50.png"; sourceTree = "<group>"; };
		E44AEA5224BC0D90009ED232 /* EventViewModel.swift */ = {isa = PBXFileReference; lastKnownFileType = sourcecode.swift; path = EventViewModel.swift; sourceTree = "<group>"; };
		E44AEA5424BC0E5C009ED232 /* Event.swift */ = {isa = PBXFileReference; lastKnownFileType = sourcecode.swift; path = Event.swift; sourceTree = "<group>"; };
		E44D5E98246A0BA700807EE5 /* Base.lproj */ = {isa = PBXFileReference; lastKnownFileType = folder; path = Base.lproj; sourceTree = "<group>"; };
		E44D5E99246A0BA700807EE5 /* Cat.swift */ = {isa = PBXFileReference; fileEncoding = 4; lastKnownFileType = sourcecode.swift; path = Cat.swift; sourceTree = "<group>"; };
		E44D5E9B246A0BA700807EE5 /* Assets.xcassets */ = {isa = PBXFileReference; lastKnownFileType = folder.assetcatalog; path = Assets.xcassets; sourceTree = "<group>"; };
		E4C1AD47246BC2F60024AE69 /* CatRow.swift */ = {isa = PBXFileReference; lastKnownFileType = sourcecode.swift; path = CatRow.swift; sourceTree = "<group>"; };
		E4C1AD49246C4CC50024AE69 /* URLImage.framework */ = {isa = PBXFileReference; explicitFileType = wrapper.framework; path = URLImage.framework; sourceTree = BUILT_PRODUCTS_DIR; };
		E4C1AD4B246C4CD10024AE69 /* Alamofire.framework */ = {isa = PBXFileReference; explicitFileType = wrapper.framework; path = Alamofire.framework; sourceTree = BUILT_PRODUCTS_DIR; };
		E4C1AD4D246C50820024AE69 /* ServiceProtocol.swift */ = {isa = PBXFileReference; lastKnownFileType = sourcecode.swift; path = ServiceProtocol.swift; sourceTree = "<group>"; };
		E4C1AD4F246C512F0024AE69 /* CatViewModel.swift */ = {isa = PBXFileReference; lastKnownFileType = sourcecode.swift; path = CatViewModel.swift; sourceTree = "<group>"; };
		E4C1AD55246D0D900024AE69 /* ListViewController.swift */ = {isa = PBXFileReference; lastKnownFileType = sourcecode.swift; path = ListViewController.swift; sourceTree = "<group>"; };
		E4CD536B248D6CB5005090B4 /* User.swift */ = {isa = PBXFileReference; lastKnownFileType = sourcecode.swift; path = User.swift; sourceTree = "<group>"; };
		E4CD536D248D6CDA005090B4 /* LoginViewController.swift */ = {isa = PBXFileReference; lastKnownFileType = sourcecode.swift; path = LoginViewController.swift; sourceTree = "<group>"; };
		E4CD536F248DE5F1005090B4 /* Helper.swift */ = {isa = PBXFileReference; lastKnownFileType = sourcecode.swift; path = Helper.swift; sourceTree = "<group>"; };
		E4CD5371248DE60A005090B4 /* Constants.swift */ = {isa = PBXFileReference; lastKnownFileType = sourcecode.swift; path = Constants.swift; sourceTree = "<group>"; };
/* End PBXFileReference section */

/* Begin PBXFrameworksBuildPhase section */
		09422EA623C547EC00318C03 /* Frameworks */ = {
			isa = PBXFrameworksBuildPhase;
			buildActionMask = 2147483647;
			files = (
				E4C1AD4C246C4CD10024AE69 /* Alamofire.framework in Frameworks */,
				E4C1AD4A246C4CC50024AE69 /* URLImage.framework in Frameworks */,
				F4625F6D75E9EE80169CC2B6 /* Pods_transitions_mental_health_assoc.framework in Frameworks */,
			);
			runOnlyForDeploymentPostprocessing = 0;
		};
/* End PBXFrameworksBuildPhase section */

/* Begin PBXGroup section */
		09422EA023C547EC00318C03 = {
			isa = PBXGroup;
			children = (
				09422EAB23C547EC00318C03 /* transitions mental health assoc */,
				09422EAA23C547EC00318C03 /* Products */,
				79AF81D9965C1CCDAD225C4D /* Pods */,
				DC57CFDFDD88BECC6B212C85 /* Frameworks */,
			);
			sourceTree = "<group>";
		};
		09422EAA23C547EC00318C03 /* Products */ = {
			isa = PBXGroup;
			children = (
				09422EA923C547EC00318C03 /* CPCP.app */,
			);
			name = Products;
			sourceTree = "<group>";
		};
		09422EAB23C547EC00318C03 /* transitions mental health assoc */ = {
			isa = PBXGroup;
			children = (
				09422EAC23C547EC00318C03 /* AppDelegate.swift */,
				09422EAE23C547EC00318C03 /* SceneDelegate.swift */,
				09422EB023C547EC00318C03 /* ViewController.swift */,
				E44D5E99246A0BA700807EE5 /* Cat.swift */,
				E4CD536B248D6CB5005090B4 /* User.swift */,
				E4CD536D248D6CDA005090B4 /* LoginViewController.swift */,
				E4CD536F248DE5F1005090B4 /* Helper.swift */,
				E4CD5371248DE60A005090B4 /* Constants.swift */,
				E4137119246BBE8F00E3A2AF /* NetworkManager.swift */,
				E4C1AD4D246C50820024AE69 /* ServiceProtocol.swift */,
				E413711D246BC10B00E3A2AF /* CatDetails.swift */,
				E4C1AD47246BC2F60024AE69 /* CatRow.swift */,
				E4C1AD4F246C512F0024AE69 /* CatViewModel.swift */,
				E413711B246BC07800E3A2AF /* ContentView.swift */,
				E44AEA5224BC0D90009ED232 /* EventViewModel.swift */,
				E44AEA5424BC0E5C009ED232 /* Event.swift */,
				E44D5E9B246A0BA700807EE5 /* Assets.xcassets */,
				E44D5E98246A0BA700807EE5 /* Base.lproj */,
				E4137117246BBE0500E3A2AF /* CatList.swift */,
				09422EB223C547EC00318C03 /* Main.storyboard */,
				E4294A4F246DAFBF00AC46AE /* icons8-kitty-50.png */,
				09422EB723C547EF00318C03 /* LaunchScreen.storyboard */,
				09422EBA23C547EF00318C03 /* Info.plist */,
				0907DA91243D74E000845D96 /* dashboardViewController.swift */,
				095813BC2446D1F10024DD5C /* addPatientViewController.swift */,
				E4C1AD55246D0D900024AE69 /* ListViewController.swift */,
				09C5111B24D3796400619BDD /* TableViewCell.swift */,
			);
			path = "transitions mental health assoc";
			sourceTree = "<group>";
		};
		79AF81D9965C1CCDAD225C4D /* Pods */ = {
			isa = PBXGroup;
			children = (
				E20AC55CC30DDB45247FCBE8 /* Pods-transitions mental health assoc.debug.xcconfig */,
				519CF78D93E47395CE52865D /* Pods-transitions mental health assoc.release.xcconfig */,
			);
			path = Pods;
			sourceTree = "<group>";
		};
		DC57CFDFDD88BECC6B212C85 /* Frameworks */ = {
			isa = PBXGroup;
			children = (
				E4C1AD4B246C4CD10024AE69 /* Alamofire.framework */,
				E4C1AD49246C4CC50024AE69 /* URLImage.framework */,
				7E7CBC2DD793B98075CD8FDB /* Pods_transitions_mental_health_assoc.framework */,
			);
			name = Frameworks;
			sourceTree = "<group>";
		};
/* End PBXGroup section */

/* Begin PBXNativeTarget section */
		09422EA823C547EC00318C03 /* transitions mental health assoc */ = {
			isa = PBXNativeTarget;
			buildConfigurationList = 09422EBD23C547EF00318C03 /* Build configuration list for PBXNativeTarget "transitions mental health assoc" */;
			buildPhases = (
				F56FC46EC082200EB53B7B0A /* [CP] Check Pods Manifest.lock */,
				09422EA523C547EC00318C03 /* Sources */,
				09422EA623C547EC00318C03 /* Frameworks */,
				09422EA723C547EC00318C03 /* Resources */,
				56F04A620ECED093464FFCD6 /* [CP] Embed Pods Frameworks */,
			);
			buildRules = (
			);
			dependencies = (
			);
			name = "transitions mental health assoc";
			productName = "transitions mental health assoc";
			productReference = 09422EA923C547EC00318C03 /* CPCP.app */;
			productType = "com.apple.product-type.application";
		};
/* End PBXNativeTarget section */

/* Begin PBXProject section */
		09422EA123C547EC00318C03 /* Project object */ = {
			isa = PBXProject;
			attributes = {
				LastSwiftUpdateCheck = 1120;
				LastUpgradeCheck = 1120;
				ORGANIZATIONNAME = Hack4Impact;
				TargetAttributes = {
					09422EA823C547EC00318C03 = {
						CreatedOnToolsVersion = 11.2.1;
					};
				};
			};
			buildConfigurationList = 09422EA423C547EC00318C03 /* Build configuration list for PBXProject "transitions mental health assoc" */;
			compatibilityVersion = "Xcode 9.3";
			developmentRegion = en;
			hasScannedForEncodings = 0;
			knownRegions = (
				en,
				Base,
			);
			mainGroup = 09422EA023C547EC00318C03;
			productRefGroup = 09422EAA23C547EC00318C03 /* Products */;
			projectDirPath = "";
			projectRoot = "";
			targets = (
				09422EA823C547EC00318C03 /* transitions mental health assoc */,
			);
		};
/* End PBXProject section */

/* Begin PBXResourcesBuildPhase section */
		09422EA723C547EC00318C03 /* Resources */ = {
			isa = PBXResourcesBuildPhase;
			buildActionMask = 2147483647;
			files = (
				E4C9FB672526FDE4004DEB39 /* Main.storyboard in Resources */,
				E44D5E9F246A0BA800807EE5 /* Base.lproj in Resources */,
				E4294A50246DAFBF00AC46AE /* icons8-kitty-50.png in Resources */,
				E44D5EA2246A0BA800807EE5 /* Assets.xcassets in Resources */,
			);
			runOnlyForDeploymentPostprocessing = 0;
		};
/* End PBXResourcesBuildPhase section */

/* Begin PBXShellScriptBuildPhase section */
		56F04A620ECED093464FFCD6 /* [CP] Embed Pods Frameworks */ = {
			isa = PBXShellScriptBuildPhase;
			buildActionMask = 2147483647;
			files = (
			);
			inputFileListPaths = (
				"${PODS_ROOT}/Target Support Files/Pods-transitions mental health assoc/Pods-transitions mental health assoc-frameworks-${CONFIGURATION}-input-files.xcfilelist",
			);
			name = "[CP] Embed Pods Frameworks";
			outputFileListPaths = (
				"${PODS_ROOT}/Target Support Files/Pods-transitions mental health assoc/Pods-transitions mental health assoc-frameworks-${CONFIGURATION}-output-files.xcfilelist",
			);
			runOnlyForDeploymentPostprocessing = 0;
			shellPath = /bin/sh;
			shellScript = "\"${PODS_ROOT}/Target Support Files/Pods-transitions mental health assoc/Pods-transitions mental health assoc-frameworks.sh\"\n";
			showEnvVarsInLog = 0;
		};
		F56FC46EC082200EB53B7B0A /* [CP] Check Pods Manifest.lock */ = {
			isa = PBXShellScriptBuildPhase;
			buildActionMask = 2147483647;
			files = (
			);
			inputFileListPaths = (
			);
			inputPaths = (
				"${PODS_PODFILE_DIR_PATH}/Podfile.lock",
				"${PODS_ROOT}/Manifest.lock",
			);
			name = "[CP] Check Pods Manifest.lock";
			outputFileListPaths = (
			);
			outputPaths = (
				"$(DERIVED_FILE_DIR)/Pods-transitions mental health assoc-checkManifestLockResult.txt",
			);
			runOnlyForDeploymentPostprocessing = 0;
			shellPath = /bin/sh;
			shellScript = "diff \"${PODS_PODFILE_DIR_PATH}/Podfile.lock\" \"${PODS_ROOT}/Manifest.lock\" > /dev/null\nif [ $? != 0 ] ; then\n    # print error to STDERR\n    echo \"error: The sandbox is not in sync with the Podfile.lock. Run 'pod install' or update your CocoaPods installation.\" >&2\n    exit 1\nfi\n# This output is used by Xcode 'outputs' to avoid re-running this script phase.\necho \"SUCCESS\" > \"${SCRIPT_OUTPUT_FILE_0}\"\n";
			showEnvVarsInLog = 0;
		};
/* End PBXShellScriptBuildPhase section */

/* Begin PBXSourcesBuildPhase section */
		09422EA523C547EC00318C03 /* Sources */ = {
			isa = PBXSourcesBuildPhase;
			buildActionMask = 2147483647;
			files = (
				E4137118246BBE0500E3A2AF /* CatList.swift in Sources */,
				E4CD5372248DE60A005090B4 /* Constants.swift in Sources */,
				09422EB123C547EC00318C03 /* ViewController.swift in Sources */,
				09422EAD23C547EC00318C03 /* AppDelegate.swift in Sources */,
				095813BD2446D1F10024DD5C /* addPatientViewController.swift in Sources */,
				E4CD536C248D6CB5005090B4 /* User.swift in Sources */,
				E4CD5370248DE5F1005090B4 /* Helper.swift in Sources */,
				E4C1AD4E246C50820024AE69 /* ServiceProtocol.swift in Sources */,
				E44D5EA0246A0BA800807EE5 /* Cat.swift in Sources */,
				09422EAF23C547EC00318C03 /* SceneDelegate.swift in Sources */,
				E4C1AD50246C512F0024AE69 /* CatViewModel.swift in Sources */,
				E413711A246BBE8F00E3A2AF /* NetworkManager.swift in Sources */,
				E4C1AD48246BC2F60024AE69 /* CatRow.swift in Sources */,
				0907DA92243D74E000845D96 /* dashboardViewController.swift in Sources */,
				E413711E246BC10B00E3A2AF /* CatDetails.swift in Sources */,
				E4CD536E248D6CDA005090B4 /* LoginViewController.swift in Sources */,
				09C5111C24D3796400619BDD /* TableViewCell.swift in Sources */,
				E413711C246BC07800E3A2AF /* ContentView.swift in Sources */,
				E4C1AD56246D0D900024AE69 /* ListViewController.swift in Sources */,
				E44AEA5324BC0D90009ED232 /* EventViewModel.swift in Sources */,
				E44AEA5524BC0E5C009ED232 /* Event.swift in Sources */,
			);
			runOnlyForDeploymentPostprocessing = 0;
		};
/* End PBXSourcesBuildPhase section */

/* Begin PBXVariantGroup section */
		09422EB223C547EC00318C03 /* Main.storyboard */ = {
			isa = PBXVariantGroup;
			children = (
				09422EB323C547EC00318C03 /* Base */,
			);
			name = Main.storyboard;
			sourceTree = "<group>";
		};
		09422EB723C547EF00318C03 /* LaunchScreen.storyboard */ = {
			isa = PBXVariantGroup;
			children = (
				09422EB823C547EF00318C03 /* Base */,
			);
			name = LaunchScreen.storyboard;
			sourceTree = "<group>";
		};
/* End PBXVariantGroup section */

/* Begin XCBuildConfiguration section */
		09422EBB23C547EF00318C03 /* Debug */ = {
			isa = XCBuildConfiguration;
			buildSettings = {
				ALWAYS_SEARCH_USER_PATHS = NO;
				CLANG_ANALYZER_NONNULL = YES;
				CLANG_ANALYZER_NUMBER_OBJECT_CONVERSION = YES_AGGRESSIVE;
				CLANG_CXX_LANGUAGE_STANDARD = "gnu++14";
				CLANG_CXX_LIBRARY = "libc++";
				CLANG_ENABLE_MODULES = YES;
				CLANG_ENABLE_OBJC_ARC = YES;
				CLANG_ENABLE_OBJC_WEAK = YES;
				CLANG_WARN_BLOCK_CAPTURE_AUTORELEASING = YES;
				CLANG_WARN_BOOL_CONVERSION = YES;
				CLANG_WARN_COMMA = YES;
				CLANG_WARN_CONSTANT_CONVERSION = YES;
				CLANG_WARN_DEPRECATED_OBJC_IMPLEMENTATIONS = YES;
				CLANG_WARN_DIRECT_OBJC_ISA_USAGE = YES_ERROR;
				CLANG_WARN_DOCUMENTATION_COMMENTS = YES;
				CLANG_WARN_EMPTY_BODY = YES;
				CLANG_WARN_ENUM_CONVERSION = YES;
				CLANG_WARN_INFINITE_RECURSION = YES;
				CLANG_WARN_INT_CONVERSION = YES;
				CLANG_WARN_NON_LITERAL_NULL_CONVERSION = YES;
				CLANG_WARN_OBJC_IMPLICIT_RETAIN_SELF = YES;
				CLANG_WARN_OBJC_LITERAL_CONVERSION = YES;
				CLANG_WARN_OBJC_ROOT_CLASS = YES_ERROR;
				CLANG_WARN_RANGE_LOOP_ANALYSIS = YES;
				CLANG_WARN_STRICT_PROTOTYPES = YES;
				CLANG_WARN_SUSPICIOUS_MOVE = YES;
				CLANG_WARN_UNGUARDED_AVAILABILITY = YES_AGGRESSIVE;
				CLANG_WARN_UNREACHABLE_CODE = YES;
				CLANG_WARN__DUPLICATE_METHOD_MATCH = YES;
				COPY_PHASE_STRIP = NO;
				DEBUG_INFORMATION_FORMAT = dwarf;
				ENABLE_STRICT_OBJC_MSGSEND = YES;
				ENABLE_TESTABILITY = YES;
				GCC_C_LANGUAGE_STANDARD = gnu11;
				GCC_DYNAMIC_NO_PIC = NO;
				GCC_NO_COMMON_BLOCKS = YES;
				GCC_OPTIMIZATION_LEVEL = 0;
				GCC_PREPROCESSOR_DEFINITIONS = (
					"DEBUG=1",
					"$(inherited)",
				);
				GCC_WARN_64_TO_32_BIT_CONVERSION = YES;
				GCC_WARN_ABOUT_RETURN_TYPE = YES_ERROR;
				GCC_WARN_UNDECLARED_SELECTOR = YES;
				GCC_WARN_UNINITIALIZED_AUTOS = YES_AGGRESSIVE;
				GCC_WARN_UNUSED_FUNCTION = YES;
				GCC_WARN_UNUSED_VARIABLE = YES;
				IPHONEOS_DEPLOYMENT_TARGET = 13.2;
				MTL_ENABLE_DEBUG_INFO = INCLUDE_SOURCE;
				MTL_FAST_MATH = YES;
				ONLY_ACTIVE_ARCH = YES;
				SDKROOT = iphoneos;
				SWIFT_ACTIVE_COMPILATION_CONDITIONS = DEBUG;
				SWIFT_OPTIMIZATION_LEVEL = "-Onone";
			};
			name = Debug;
		};
		09422EBC23C547EF00318C03 /* Release */ = {
			isa = XCBuildConfiguration;
			buildSettings = {
				ALWAYS_SEARCH_USER_PATHS = NO;
				CLANG_ANALYZER_NONNULL = YES;
				CLANG_ANALYZER_NUMBER_OBJECT_CONVERSION = YES_AGGRESSIVE;
				CLANG_CXX_LANGUAGE_STANDARD = "gnu++14";
				CLANG_CXX_LIBRARY = "libc++";
				CLANG_ENABLE_MODULES = YES;
				CLANG_ENABLE_OBJC_ARC = YES;
				CLANG_ENABLE_OBJC_WEAK = YES;
				CLANG_WARN_BLOCK_CAPTURE_AUTORELEASING = YES;
				CLANG_WARN_BOOL_CONVERSION = YES;
				CLANG_WARN_COMMA = YES;
				CLANG_WARN_CONSTANT_CONVERSION = YES;
				CLANG_WARN_DEPRECATED_OBJC_IMPLEMENTATIONS = YES;
				CLANG_WARN_DIRECT_OBJC_ISA_USAGE = YES_ERROR;
				CLANG_WARN_DOCUMENTATION_COMMENTS = YES;
				CLANG_WARN_EMPTY_BODY = YES;
				CLANG_WARN_ENUM_CONVERSION = YES;
				CLANG_WARN_INFINITE_RECURSION = YES;
				CLANG_WARN_INT_CONVERSION = YES;
				CLANG_WARN_NON_LITERAL_NULL_CONVERSION = YES;
				CLANG_WARN_OBJC_IMPLICIT_RETAIN_SELF = YES;
				CLANG_WARN_OBJC_LITERAL_CONVERSION = YES;
				CLANG_WARN_OBJC_ROOT_CLASS = YES_ERROR;
				CLANG_WARN_RANGE_LOOP_ANALYSIS = YES;
				CLANG_WARN_STRICT_PROTOTYPES = YES;
				CLANG_WARN_SUSPICIOUS_MOVE = YES;
				CLANG_WARN_UNGUARDED_AVAILABILITY = YES_AGGRESSIVE;
				CLANG_WARN_UNREACHABLE_CODE = YES;
				CLANG_WARN__DUPLICATE_METHOD_MATCH = YES;
				COPY_PHASE_STRIP = NO;
				DEBUG_INFORMATION_FORMAT = "dwarf-with-dsym";
				ENABLE_NS_ASSERTIONS = NO;
				ENABLE_STRICT_OBJC_MSGSEND = YES;
				GCC_C_LANGUAGE_STANDARD = gnu11;
				GCC_NO_COMMON_BLOCKS = YES;
				GCC_WARN_64_TO_32_BIT_CONVERSION = YES;
				GCC_WARN_ABOUT_RETURN_TYPE = YES_ERROR;
				GCC_WARN_UNDECLARED_SELECTOR = YES;
				GCC_WARN_UNINITIALIZED_AUTOS = YES_AGGRESSIVE;
				GCC_WARN_UNUSED_FUNCTION = YES;
				GCC_WARN_UNUSED_VARIABLE = YES;
				IPHONEOS_DEPLOYMENT_TARGET = 13.2;
				MTL_ENABLE_DEBUG_INFO = NO;
				MTL_FAST_MATH = YES;
				SDKROOT = iphoneos;
				SWIFT_COMPILATION_MODE = wholemodule;
				SWIFT_OPTIMIZATION_LEVEL = "-O";
				VALIDATE_PRODUCT = YES;
			};
			name = Release;
		};
		09422EBE23C547EF00318C03 /* Debug */ = {
			isa = XCBuildConfiguration;
			baseConfigurationReference = E20AC55CC30DDB45247FCBE8 /* Pods-transitions mental health assoc.debug.xcconfig */;
			buildSettings = {
				ASSETCATALOG_COMPILER_APPICON_NAME = "AppIcon-1";
				CODE_SIGN_IDENTITY = "iPhone Distribution";
				CODE_SIGN_STYLE = Manual;
				DEVELOPMENT_TEAM = 6H9677DJJ9;
				INFOPLIST_FILE = "transitions mental health assoc/Info.plist";
				IPHONEOS_DEPLOYMENT_TARGET = 13.4;
				LD_RUNPATH_SEARCH_PATHS = (
					"$(inherited)",
					"@executable_path/Frameworks",
				);
				PRODUCT_BUNDLE_IDENTIFIER = com.CPCP.calpolycatprogram;
				PRODUCT_NAME = CPCP;
				PROVISIONING_PROFILE_SPECIFIER = com.CPCP.CalPolyCatProgram;
				SWIFT_VERSION = 5.0;
				TARGETED_DEVICE_FAMILY = "1,2";
			};
			name = Debug;
		};
		09422EBF23C547EF00318C03 /* Release */ = {
			isa = XCBuildConfiguration;
			baseConfigurationReference = 519CF78D93E47395CE52865D /* Pods-transitions mental health assoc.release.xcconfig */;
			buildSettings = {
				ASSETCATALOG_COMPILER_APPICON_NAME = "AppIcon-1";
				CODE_SIGN_IDENTITY = "iPhone Distribution";
				CODE_SIGN_STYLE = Manual;
				DEVELOPMENT_TEAM = 6H9677DJJ9;
				INFOPLIST_FILE = "transitions mental health assoc/Info.plist";
				IPHONEOS_DEPLOYMENT_TARGET = 13.4;
				LD_RUNPATH_SEARCH_PATHS = (
					"$(inherited)",
					"@executable_path/Frameworks",
				);
				PRODUCT_BUNDLE_IDENTIFIER = com.CPCP.calpolycatprogram;
				PRODUCT_NAME = CPCP;
				PROVISIONING_PROFILE_SPECIFIER = com.CPCP.CalPolyCatProgram;
				SWIFT_VERSION = 5.0;
				TARGETED_DEVICE_FAMILY = "1,2";
			};
			name = Release;
		};
/* End XCBuildConfiguration section */

/* Begin XCConfigurationList section */
		09422EA423C547EC00318C03 /* Build configuration list for PBXProject "transitions mental health assoc" */ = {
			isa = XCConfigurationList;
			buildConfigurations = (
				09422EBB23C547EF00318C03 /* Debug */,
				09422EBC23C547EF00318C03 /* Release */,
			);
			defaultConfigurationIsVisible = 0;
			defaultConfigurationName = Release;
		};
		09422EBD23C547EF00318C03 /* Build configuration list for PBXNativeTarget "transitions mental health assoc" */ = {
			isa = XCConfigurationList;
			buildConfigurations = (
				09422EBE23C547EF00318C03 /* Debug */,
				09422EBF23C547EF00318C03 /* Release */,
			);
			defaultConfigurationIsVisible = 0;
			defaultConfigurationName = Release;
		};
/* End XCConfigurationList section */
	};
	rootObject = 09422EA123C547EC00318C03 /* Project object */;
}
